
Microsoft Visual Studio Solution File, Format Version 12.00
# Visual Studio Version 17
VisualStudioVersion = 17.13.35913.81 d17.13
MinimumVisualStudioVersion = 10.0.40219.1
Project("{FAE04EC0-301F-11D3-BF4B-00C04F79EFBC}") = "ProductAPI", "ProductAPI\ProductAPI.csproj", "{DD27FBE8-2C0D-4AA1-9635-A5230BA4F317}"
EndProject
Project("{FAE04EC0-301F-11D3-BF4B-00C04F79EFBC}") = "FarmerAPI", "FarmerAPI\FarmerAPI.csproj", "{0B62FD58-51BD-4A27-B9DB-DF7729864316}"
EndProject
Project("{FAE04EC0-301F-11D3-BF4B-00C04F79EFBC}") = "AgriEnergyFrontend", "AgriEnergyFrontend\AgriEnergyFrontend.csproj", "{3D31FF73-B71E-4B9D-B9DF-494C98905A7E}"
EndProject
Global
	GlobalSection(SolutionConfigurationPlatforms) = preSolution
		Debug|Any CPU = Debug|Any CPU
		Release|Any CPU = Release|Any CPU
	EndGlobalSection
	GlobalSection(ProjectConfigurationPlatforms) = postSolution
		{DD27FBE8-2C0D-4AA1-9635-A5230BA4F317}.Debug|Any CPU.ActiveCfg = Debug|Any CPU
		{DD27FBE8-2C0D-4AA1-9635-A5230BA4F317}.Debug|Any CPU.Build.0 = Debug|Any CPU
		{DD27FBE8-2C0D-4AA1-9635-A5230BA4F317}.Release|Any CPU.ActiveCfg = Release|Any CPU
		{DD27FBE8-2C0D-4AA1-9635-A5230BA4F317}.Release|Any CPU.Build.0 = Release|Any CPU
		{0B62FD58-51BD-4A27-B9DB-DF7729864316}.Debug|Any CPU.ActiveCfg = Debug|Any CPU
		{0B62FD58-51BD-4A27-B9DB-DF7729864316}.Debug|Any CPU.Build.0 = Debug|Any CPU
		{0B62FD58-51BD-4A27-B9DB-DF7729864316}.Release|Any CPU.ActiveCfg = Release|Any CPU
		{0B62FD58-51BD-4A27-B9DB-DF7729864316}.Release|Any CPU.Build.0 = Release|Any CPU
		{3D31FF73-B71E-4B9D-B9DF-494C98905A7E}.Debug|Any CPU.ActiveCfg = Debug|Any CPU
		{3D31FF73-B71E-4B9D-B9DF-494C98905A7E}.Debug|Any CPU.Build.0 = Debug|Any CPU
		{3D31FF73-B71E-4B9D-B9DF-494C98905A7E}.Release|Any CPU.ActiveCfg = Release|Any CPU
		{3D31FF73-B71E-4B9D-B9DF-494C98905A7E}.Release|Any CPU.Build.0 = Release|Any CPU
	EndGlobalSection
	GlobalSection(SolutionProperties) = preSolution
		HideSolutionNode = FALSE
	EndGlobalSection
	GlobalSection(ExtensibilityGlobals) = postSolution
		SolutionGuid = {69AA4A7F-1C2F-4633-89B2-81863B6ACDEF}
	EndGlobalSection
EndGlobal
